
Microsoft Visual Studio Solution File, Format Version 12.00
# Visual Studio Version 17
VisualStudioVersion = 17.14.36408.4 d17.14
MinimumVisualStudioVersion = 10.0.40219.1
Project("{FAE04EC0-301F-11D3-BF4B-00C04F79EFBC}") = "KeyboardGestures.App", "KeyboardGestures.App\KeyboardGestures.App.csproj", "{6DD865BE-D55A-4CCB-8F73-17E65F71E955}"
EndProject
Project("{FAE04EC0-301F-11D3-BF4B-00C04F79EFBC}") = "KeyboardGestures.UI", "KeyboardGestures.UI\KeyboardGestures.UI.csproj", "{90E4F3A1-F920-4C5A-86C2-CA5619C81355}"
EndProject
Project("{FAE04EC0-301F-11D3-BF4B-00C04F79EFBC}") = "KeyboardGestures.Core", "KeyboardGestures.Core\KeyboardGestures.Core.csproj", "{C22D1864-8EF5-45D4-A4A2-0DB3480CB73D}"
EndProject
Global
	GlobalSection(SolutionConfigurationPlatforms) = preSolution
		Debug|Any CPU = Debug|Any CPU
		Release|Any CPU = Release|Any CPU
	EndGlobalSection
	GlobalSection(ProjectConfigurationPlatforms) = postSolution
		{6DD865BE-D55A-4CCB-8F73-17E65F71E955}.Debug|Any CPU.ActiveCfg = Debug|Any CPU
		{6DD865BE-D55A-4CCB-8F73-17E65F71E955}.Debug|Any CPU.Build.0 = Debug|Any CPU
		{6DD865BE-D55A-4CCB-8F73-17E65F71E955}.Release|Any CPU.ActiveCfg = Release|Any CPU
		{6DD865BE-D55A-4CCB-8F73-17E65F71E955}.Release|Any CPU.Build.0 = Release|Any CPU
		{90E4F3A1-F920-4C5A-86C2-CA5619C81355}.Debug|Any CPU.ActiveCfg = Debug|Any CPU
		{90E4F3A1-F920-4C5A-86C2-CA5619C81355}.Debug|Any CPU.Build.0 = Debug|Any CPU
		{90E4F3A1-F920-4C5A-86C2-CA5619C81355}.Release|Any CPU.ActiveCfg = Release|Any CPU
		{90E4F3A1-F920-4C5A-86C2-CA5619C81355}.Release|Any CPU.Build.0 = Release|Any CPU
		{C22D1864-8EF5-45D4-A4A2-0DB3480CB73D}.Debug|Any CPU.ActiveCfg = Debug|Any CPU
		{C22D1864-8EF5-45D4-A4A2-0DB3480CB73D}.Debug|Any CPU.Build.0 = Debug|Any CPU
		{C22D1864-8EF5-45D4-A4A2-0DB3480CB73D}.Release|Any CPU.ActiveCfg = Release|Any CPU
		{C22D1864-8EF5-45D4-A4A2-0DB3480CB73D}.Release|Any CPU.Build.0 = Release|Any CPU
	EndGlobalSection
	GlobalSection(SolutionProperties) = preSolution
		HideSolutionNode = FALSE
	EndGlobalSection
	GlobalSection(ExtensibilityGlobals) = postSolution
		SolutionGuid = {F189DBBD-09DF-4F6A-B63C-FB7296725D64}
	EndGlobalSection
EndGlobal
